
Microsoft Visual Studio Solution File, Format Version 12.00
# Visual Studio Version 16
VisualStudioVersion = 16.0.30517.126
MinimumVisualStudioVersion = 10.0.40219.1
Project("{9A19103F-16F7-4668-BE54-9A1E7A4F7556}") = "Starter", "scr\Starter.csproj", "{6AFF270B-E7A5-4DBB-9D41-F8ABA19455EA}"
EndProject
Global
	GlobalSection(SolutionConfigurationPlatforms) = preSolution
		Debug|Any CPU = Debug|Any CPU
		Release|Any CPU = Release|Any CPU
	EndGlobalSection
	GlobalSection(ProjectConfigurationPlatforms) = postSolution
		{6AFF270B-E7A5-4DBB-9D41-F8ABA19455EA}.Debug|Any CPU.ActiveCfg = Debug|Any CPU
		{6AFF270B-E7A5-4DBB-9D41-F8ABA19455EA}.Debug|Any CPU.Build.0 = Debug|Any CPU
		{6AFF270B-E7A5-4DBB-9D41-F8ABA19455EA}.Release|Any CPU.ActiveCfg = Release|Any CPU
		{6AFF270B-E7A5-4DBB-9D41-F8ABA19455EA}.Release|Any CPU.Build.0 = Release|Any CPU
	EndGlobalSection
	GlobalSection(SolutionProperties) = preSolution
		HideSolutionNode = FALSE
	EndGlobalSection
	GlobalSection(ExtensibilityGlobals) = postSolution
		SolutionGuid = {A57EDDC4-A668-4BD9-B20C-C360D0F68D4A}
	EndGlobalSection
EndGlobal
